
Microsoft Visual Studio Solution File, Format Version 12.00
# Visual Studio Version 16
VisualStudioVersion = 16.0.810.21
MinimumVisualStudioVersion = 10.0.40219.1
Project("{FAE04EC0-301F-11D3-BF4B-00C04F79EFBC}") = "Picker_app.Android", "Picker_app.Android\Picker_app.Android.csproj", "{8139C65A-AAA8-4A42-AAC0-1FBDFDEE3AD0}"
EndProject
Project("{FAE04EC0-301F-11D3-BF4B-00C04F79EFBC}") = "Picker_app.iOS", "Picker_app.iOS\Picker_app.iOS.csproj", "{03D175B6-434E-4B38-96E8-A6459A473EB0}"
EndProject
Project("{FAE04EC0-301F-11D3-BF4B-00C04F79EFBC}") = "Picker_app", "Picker_app\Picker_app.csproj", "{C1059B1C-CABB-401F-BE6F-1C40D6473789}"
EndProject
Global
	GlobalSection(SolutionConfigurationPlatforms) = preSolution
		Debug|Any CPU = Debug|Any CPU
		Release|Any CPU = Release|Any CPU
		Debug|iPhoneSimulator = Debug|iPhoneSimulator
		Release|iPhoneSimulator = Release|iPhoneSimulator
		Debug|iPhone = Debug|iPhone
		Release|iPhone = Release|iPhone
	EndGlobalSection
	GlobalSection(ProjectConfigurationPlatforms) = postSolution
		{8139C65A-AAA8-4A42-AAC0-1FBDFDEE3AD0}.Debug|Any CPU.ActiveCfg = Debug|Any CPU
		{8139C65A-AAA8-4A42-AAC0-1FBDFDEE3AD0}.Debug|Any CPU.Build.0 = Debug|Any CPU
		{8139C65A-AAA8-4A42-AAC0-1FBDFDEE3AD0}.Release|Any CPU.ActiveCfg = Release|Any CPU
		{8139C65A-AAA8-4A42-AAC0-1FBDFDEE3AD0}.Release|Any CPU.Build.0 = Release|Any CPU
		{8139C65A-AAA8-4A42-AAC0-1FBDFDEE3AD0}.Debug|iPhoneSimulator.ActiveCfg = Debug|Any CPU
		{8139C65A-AAA8-4A42-AAC0-1FBDFDEE3AD0}.Debug|iPhoneSimulator.Build.0 = Debug|Any CPU
		{8139C65A-AAA8-4A42-AAC0-1FBDFDEE3AD0}.Release|iPhoneSimulator.ActiveCfg = Release|Any CPU
		{8139C65A-AAA8-4A42-AAC0-1FBDFDEE3AD0}.Release|iPhoneSimulator.Build.0 = Release|Any CPU
		{8139C65A-AAA8-4A42-AAC0-1FBDFDEE3AD0}.Debug|iPhone.ActiveCfg = Debug|Any CPU
		{8139C65A-AAA8-4A42-AAC0-1FBDFDEE3AD0}.Debug|iPhone.Build.0 = Debug|Any CPU
		{8139C65A-AAA8-4A42-AAC0-1FBDFDEE3AD0}.Release|iPhone.ActiveCfg = Release|Any CPU
		{8139C65A-AAA8-4A42-AAC0-1FBDFDEE3AD0}.Release|iPhone.Build.0 = Release|Any CPU
		{03D175B6-434E-4B38-96E8-A6459A473EB0}.Debug|Any CPU.ActiveCfg = Debug|iPhoneSimulator
		{03D175B6-434E-4B38-96E8-A6459A473EB0}.Debug|Any CPU.Build.0 = Debug|iPhoneSimulator
		{03D175B6-434E-4B38-96E8-A6459A473EB0}.Release|Any CPU.ActiveCfg = Release|iPhoneSimulator
		{03D175B6-434E-4B38-96E8-A6459A473EB0}.Release|Any CPU.Build.0 = Release|iPhoneSimulator
		{03D175B6-434E-4B38-96E8-A6459A473EB0}.Debug|iPhoneSimulator.ActiveCfg = Debug|iPhoneSimulator
		{03D175B6-434E-4B38-96E8-A6459A473EB0}.Debug|iPhoneSimulator.Build.0 = Debug|iPhoneSimulator
		{03D175B6-434E-4B38-96E8-A6459A473EB0}.Release|iPhoneSimulator.ActiveCfg = Release|iPhoneSimulator
		{03D175B6-434E-4B38-96E8-A6459A473EB0}.Release|iPhoneSimulator.Build.0 = Release|iPhoneSimulator
		{03D175B6-434E-4B38-96E8-A6459A473EB0}.Debug|iPhone.ActiveCfg = Debug|iPhone
		{03D175B6-434E-4B38-96E8-A6459A473EB0}.Debug|iPhone.Build.0 = Debug|iPhone
		{03D175B6-434E-4B38-96E8-A6459A473EB0}.Release|iPhone.ActiveCfg = Release|iPhone
		{03D175B6-434E-4B38-96E8-A6459A473EB0}.Release|iPhone.Build.0 = Release|iPhone
		{C1059B1C-CABB-401F-BE6F-1C40D6473789}.Debug|Any CPU.ActiveCfg = Debug|Any CPU
		{C1059B1C-CABB-401F-BE6F-1C40D6473789}.Debug|Any CPU.Build.0 = Debug|Any CPU
		{C1059B1C-CABB-401F-BE6F-1C40D6473789}.Release|Any CPU.ActiveCfg = Release|Any CPU
		{C1059B1C-CABB-401F-BE6F-1C40D6473789}.Release|Any CPU.Build.0 = Release|Any CPU
		{C1059B1C-CABB-401F-BE6F-1C40D6473789}.Debug|iPhoneSimulator.ActiveCfg = Debug|Any CPU
		{C1059B1C-CABB-401F-BE6F-1C40D6473789}.Debug|iPhoneSimulator.Build.0 = Debug|Any CPU
		{C1059B1C-CABB-401F-BE6F-1C40D6473789}.Release|iPhoneSimulator.ActiveCfg = Release|Any CPU
		{C1059B1C-CABB-401F-BE6F-1C40D6473789}.Release|iPhoneSimulator.Build.0 = Release|Any CPU
		{C1059B1C-CABB-401F-BE6F-1C40D6473789}.Debug|iPhone.ActiveCfg = Debug|Any CPU
		{C1059B1C-CABB-401F-BE6F-1C40D6473789}.Debug|iPhone.Build.0 = Debug|Any CPU
		{C1059B1C-CABB-401F-BE6F-1C40D6473789}.Release|iPhone.ActiveCfg = Release|Any CPU
		{C1059B1C-CABB-401F-BE6F-1C40D6473789}.Release|iPhone.Build.0 = Release|Any CPU
	EndGlobalSection
	GlobalSection(SolutionProperties) = preSolution
		HideSolutionNode = FALSE
	EndGlobalSection
	GlobalSection(ExtensibilityGlobals) = postSolution
		SolutionGuid = {6AB67266-BD72-4A4A-B338-7CD362E360D3}
	EndGlobalSection
EndGlobal
